// !$*UTF8*$!
{
	archiveVersion = 1;
	classes = {
	};
	objectVersion = 56;
	objects = {

/* Begin PBXBuildFile section */
		1CB2E9A92A51532200A91302 /* AppDelegate.swift in Sources */ = {isa = PBXBuildFile; fileRef = 1CB2E9A82A51532200A91302 /* AppDelegate.swift */; };
		1CB2E9AB2A51532200A91302 /* SceneDelegate.swift in Sources */ = {isa = PBXBuildFile; fileRef = 1CB2E9AA2A51532200A91302 /* SceneDelegate.swift */; };
		1CB2E9AD2A51532200A91302 /* ViewController.swift in Sources */ = {isa = PBXBuildFile; fileRef = 1CB2E9AC2A51532200A91302 /* ViewController.swift */; };
		1CB2E9B02A51532200A91302 /* Main.storyboard in Resources */ = {isa = PBXBuildFile; fileRef = 1CB2E9AE2A51532200A91302 /* Main.storyboard */; };
		1CB2E9B22A51532400A91302 /* Assets.xcassets in Resources */ = {isa = PBXBuildFile; fileRef = 1CB2E9B12A51532400A91302 /* Assets.xcassets */; };
		1CB2E9B52A51532400A91302 /* LaunchScreen.storyboard in Resources */ = {isa = PBXBuildFile; fileRef = 1CB2E9B32A51532400A91302 /* LaunchScreen.storyboard */; };
		1CB2E9C02A51532500A91302 /* UIkit_Test___StoryboardsTests.swift in Sources */ = {isa = PBXBuildFile; fileRef = 1CB2E9BF2A51532500A91302 /* UIkit_Test___StoryboardsTests.swift */; };
		1CB2E9CA2A51532500A91302 /* UIkit_Test___StoryboardsUITests.swift in Sources */ = {isa = PBXBuildFile; fileRef = 1CB2E9C92A51532500A91302 /* UIkit_Test___StoryboardsUITests.swift */; };
		1CB2E9CC2A51532500A91302 /* UIkit_Test___StoryboardsUITestsLaunchTests.swift in Sources */ = {isa = PBXBuildFile; fileRef = 1CB2E9CB2A51532500A91302 /* UIkit_Test___StoryboardsUITestsLaunchTests.swift */; };
/* End PBXBuildFile section */

/* Begin PBXContainerItemProxy section */
		1CB2E9BC2A51532500A91302 /* PBXContainerItemProxy */ = {
			isa = PBXContainerItemProxy;
			containerPortal = 1CB2E99D2A51532200A91302 /* Project object */;
			proxyType = 1;
			remoteGlobalIDString = 1CB2E9A42A51532200A91302;
			remoteInfo = "UIkit Test - Storyboards";
		};
		1CB2E9C62A51532500A91302 /* PBXContainerItemProxy */ = {
			isa = PBXContainerItemProxy;
			containerPortal = 1CB2E99D2A51532200A91302 /* Project object */;
			proxyType = 1;
			remoteGlobalIDString = 1CB2E9A42A51532200A91302;
			remoteInfo = "UIkit Test - Storyboards";
		};
/* End PBXContainerItemProxy section */

/* Begin PBXFileReference section */
		1CB2E9A52A51532200A91302 /* UIkit Test - Storyboards.app */ = {isa = PBXFileReference; explicitFileType = wrapper.application; includeInIndex = 0; path = "UIkit Test - Storyboards.app"; sourceTree = BUILT_PRODUCTS_DIR; };
		1CB2E9A82A51532200A91302 /* AppDelegate.swift */ = {isa = PBXFileReference; lastKnownFileType = sourcecode.swift; path = AppDelegate.swift; sourceTree = "<group>"; };
		1CB2E9AA2A51532200A91302 /* SceneDelegate.swift */ = {isa = PBXFileReference; lastKnownFileType = sourcecode.swift; path = SceneDelegate.swift; sourceTree = "<group>"; };
		1CB2E9AC2A51532200A91302 /* ViewController.swift */ = {isa = PBXFileReference; lastKnownFileType = sourcecode.swift; path = ViewController.swift; sourceTree = "<group>"; };
		1CB2E9AF2A51532200A91302 /* Base */ = {isa = PBXFileReference; lastKnownFileType = file.storyboard; name = Base; path = Base.lproj/Main.storyboard; sourceTree = "<group>"; };
		1CB2E9B12A51532400A91302 /* Assets.xcassets */ = {isa = PBXFileReference; lastKnownFileType = folder.assetcatalog; path = Assets.xcassets; sourceTree = "<group>"; };
		1CB2E9B42A51532400A91302 /* Base */ = {isa = PBXFileReference; lastKnownFileType = file.storyboard; name = Base; path = Base.lproj/LaunchScreen.storyboard; sourceTree = "<group>"; };
		1CB2E9B62A51532400A91302 /* Info.plist */ = {isa = PBXFileReference; lastKnownFileType = text.plist.xml; path = Info.plist; sourceTree = "<group>"; };
		1CB2E9BB2A51532500A91302 /* UIkit Test - StoryboardsTests.xctest */ = {isa = PBXFileReference; explicitFileType = wrapper.cfbundle; includeInIndex = 0; path = "UIkit Test - StoryboardsTests.xctest"; sourceTree = BUILT_PRODUCTS_DIR; };
		1CB2E9BF2A51532500A91302 /* UIkit_Test___StoryboardsTests.swift */ = {isa = PBXFileReference; lastKnownFileType = sourcecode.swift; path = "UIkit_Test___StoryboardsTests.swift"; sourceTree = "<group>"; };
		1CB2E9C52A51532500A91302 /* UIkit Test - StoryboardsUITests.xctest */ = {isa = PBXFileReference; explicitFileType = wrapper.cfbundle; includeInIndex = 0; path = "UIkit Test - StoryboardsUITests.xctest"; sourceTree = BUILT_PRODUCTS_DIR; };
		1CB2E9C92A51532500A91302 /* UIkit_Test___StoryboardsUITests.swift */ = {isa = PBXFileReference; lastKnownFileType = sourcecode.swift; path = "UIkit_Test___StoryboardsUITests.swift"; sourceTree = "<group>"; };
		1CB2E9CB2A51532500A91302 /* UIkit_Test___StoryboardsUITestsLaunchTests.swift */ = {isa = PBXFileReference; lastKnownFileType = sourcecode.swift; path = "UIkit_Test___StoryboardsUITestsLaunchTests.swift"; sourceTree = "<group>"; };
/* End PBXFileReference section */

/* Begin PBXFrameworksBuildPhase section */
		1CB2E9A22A51532200A91302 /* Frameworks */ = {
			isa = PBXFrameworksBuildPhase;
			buildActionMask = 2147483647;
			files = (
			);
			runOnlyForDeploymentPostprocessing = 0;
		};
		1CB2E9B82A51532500A91302 /* Frameworks */ = {
			isa = PBXFrameworksBuildPhase;
			buildActionMask = 2147483647;
			files = (
			);
			runOnlyForDeploymentPostprocessing = 0;
		};
		1CB2E9C22A51532500A91302 /* Frameworks */ = {
			isa = PBXFrameworksBuildPhase;
			buildActionMask = 2147483647;
			files = (
			);
			runOnlyForDeploymentPostprocessing = 0;
		};
/* End PBXFrameworksBuildPhase section */

/* Begin PBXGroup section */
		1CB2E99C2A51532200A91302 = {
			isa = PBXGroup;
			children = (
				1CB2E9A72A51532200A91302 /* UIkit Test - Storyboards */,
				1CB2E9BE2A51532500A91302 /* UIkit Test - StoryboardsTests */,
				1CB2E9C82A51532500A91302 /* UIkit Test - StoryboardsUITests */,
				1CB2E9A62A51532200A91302 /* Products */,
			);
			sourceTree = "<group>";
		};
		1CB2E9A62A51532200A91302 /* Products */ = {
			isa = PBXGroup;
			children = (
				1CB2E9A52A51532200A91302 /* UIkit Test - Storyboards.app */,
				1CB2E9BB2A51532500A91302 /* UIkit Test - StoryboardsTests.xctest */,
				1CB2E9C52A51532500A91302 /* UIkit Test - StoryboardsUITests.xctest */,
			);
			name = Products;
			sourceTree = "<group>";
		};
		1CB2E9A72A51532200A91302 /* UIkit Test - Storyboards */ = {
			isa = PBXGroup;
			children = (
				1CB2E9A82A51532200A91302 /* AppDelegate.swift */,
				1CB2E9AA2A51532200A91302 /* SceneDelegate.swift */,
				1CB2E9AC2A51532200A91302 /* ViewController.swift */,
				1CB2E9AE2A51532200A91302 /* Main.storyboard */,
				1CB2E9B12A51532400A91302 /* Assets.xcassets */,
				1CB2E9B32A51532400A91302 /* LaunchScreen.storyboard */,
				1CB2E9B62A51532400A91302 /* Info.plist */,
			);
			path = "UIkit Test - Storyboards";
			sourceTree = "<group>";
		};
		1CB2E9BE2A51532500A91302 /* UIkit Test - StoryboardsTests */ = {
			isa = PBXGroup;
			children = (
				1CB2E9BF2A51532500A91302 /* UIkit_Test___StoryboardsTests.swift */,
			);
			path = "UIkit Test - StoryboardsTests";
			sourceTree = "<group>";
		};
		1CB2E9C82A51532500A91302 /* UIkit Test - StoryboardsUITests */ = {
			isa = PBXGroup;
			children = (
				1CB2E9C92A51532500A91302 /* UIkit_Test___StoryboardsUITests.swift */,
				1CB2E9CB2A51532500A91302 /* UIkit_Test___StoryboardsUITestsLaunchTests.swift */,
			);
			path = "UIkit Test - StoryboardsUITests";
			sourceTree = "<group>";
		};
/* End PBXGroup section */

/* Begin PBXNativeTarget section */
		1CB2E9A42A51532200A91302 /* UIkit Test - Storyboards */ = {
			isa = PBXNativeTarget;
			buildConfigurationList = 1CB2E9CF2A51532500A91302 /* Build configuration list for PBXNativeTarget "UIkit Test - Storyboards" */;
			buildPhases = (
				1CB2E9A12A51532200A91302 /* Sources */,
				1CB2E9A22A51532200A91302 /* Frameworks */,
				1CB2E9A32A51532200A91302 /* Resources */,
			);
			buildRules = (
			);
			dependencies = (
			);
			name = "UIkit Test - Storyboards";
			productName = "UIkit Test - Storyboards";
			productReference = 1CB2E9A52A51532200A91302 /* UIkit Test - Storyboards.app */;
			productType = "com.apple.product-type.application";
		};
		1CB2E9BA2A51532500A91302 /* UIkit Test - StoryboardsTests */ = {
			isa = PBXNativeTarget;
			buildConfigurationList = 1CB2E9D22A51532500A91302 /* Build configuration list for PBXNativeTarget "UIkit Test - StoryboardsTests" */;
			buildPhases = (
				1CB2E9B72A51532500A91302 /* Sources */,
				1CB2E9B82A51532500A91302 /* Frameworks */,
				1CB2E9B92A51532500A91302 /* Resources */,
			);
			buildRules = (
			);
			dependencies = (
				1CB2E9BD2A51532500A91302 /* PBXTargetDependency */,
			);
			name = "UIkit Test - StoryboardsTests";
			productName = "UIkit Test - StoryboardsTests";
			productReference = 1CB2E9BB2A51532500A91302 /* UIkit Test - StoryboardsTests.xctest */;
			productType = "com.apple.product-type.bundle.unit-test";
		};
		1CB2E9C42A51532500A91302 /* UIkit Test - StoryboardsUITests */ = {
			isa = PBXNativeTarget;
			buildConfigurationList = 1CB2E9D52A51532500A91302 /* Build configuration list for PBXNativeTarget "UIkit Test - StoryboardsUITests" */;
			buildPhases = (
				1CB2E9C12A51532500A91302 /* Sources */,
				1CB2E9C22A51532500A91302 /* Frameworks */,
				1CB2E9C32A51532500A91302 /* Resources */,
			);
			buildRules = (
			);
			dependencies = (
				1CB2E9C72A51532500A91302 /* PBXTargetDependency */,
			);
			name = "UIkit Test - StoryboardsUITests";
			productName = "UIkit Test - StoryboardsUITests";
			productReference = 1CB2E9C52A51532500A91302 /* UIkit Test - StoryboardsUITests.xctest */;
			productType = "com.apple.product-type.bundle.ui-testing";
		};
/* End PBXNativeTarget section */

/* Begin PBXProject section */
		1CB2E99D2A51532200A91302 /* Project object */ = {
			isa = PBXProject;
			attributes = {
				BuildIndependentTargetsInParallel = 1;
				LastSwiftUpdateCheck = 1430;
				LastUpgradeCheck = 1430;
				TargetAttributes = {
					1CB2E9A42A51532200A91302 = {
						CreatedOnToolsVersion = 14.3.1;
					};
					1CB2E9BA2A51532500A91302 = {
						CreatedOnToolsVersion = 14.3.1;
						TestTargetID = 1CB2E9A42A51532200A91302;
					};
					1CB2E9C42A51532500A91302 = {
						CreatedOnToolsVersion = 14.3.1;
						TestTargetID = 1CB2E9A42A51532200A91302;
					};
				};
			};
			buildConfigurationList = 1CB2E9A02A51532200A91302 /* Build configuration list for PBXProject "UIkit Test - Storyboards" */;
			compatibilityVersion = "Xcode 14.0";
			developmentRegion = en;
			hasScannedForEncodings = 0;
			knownRegions = (
				en,
				Base,
			);
			mainGroup = 1CB2E99C2A51532200A91302;
			productRefGroup = 1CB2E9A62A51532200A91302 /* Products */;
			projectDirPath = "";
			projectRoot = "";
			targets = (
				1CB2E9A42A51532200A91302 /* UIkit Test - Storyboards */,
				1CB2E9BA2A51532500A91302 /* UIkit Test - StoryboardsTests */,
				1CB2E9C42A51532500A91302 /* UIkit Test - StoryboardsUITests */,
			);
		};
/* End PBXProject section */

/* Begin PBXResourcesBuildPhase section */
		1CB2E9A32A51532200A91302 /* Resources */ = {
			isa = PBXResourcesBuildPhase;
			buildActionMask = 2147483647;
			files = (
				1CB2E9B52A51532400A91302 /* LaunchScreen.storyboard in Resources */,
				1CB2E9B22A51532400A91302 /* Assets.xcassets in Resources */,
				1CB2E9B02A51532200A91302 /* Main.storyboard in Resources */,
			);
			runOnlyForDeploymentPostprocessing = 0;
		};
		1CB2E9B92A51532500A91302 /* Resources */ = {
			isa = PBXResourcesBuildPhase;
			buildActionMask = 2147483647;
			files = (
			);
			runOnlyForDeploymentPostprocessing = 0;
		};
		1CB2E9C32A51532500A91302 /* Resources */ = {
			isa = PBXResourcesBuildPhase;
			buildActionMask = 2147483647;
			files = (
			);
			runOnlyForDeploymentPostprocessing = 0;
		};
/* End PBXResourcesBuildPhase section */

/* Begin PBXSourcesBuildPhase section */
		1CB2E9A12A51532200A91302 /* Sources */ = {
			isa = PBXSourcesBuildPhase;
			buildActionMask = 2147483647;
			files = (
				1CB2E9AD2A51532200A91302 /* ViewController.swift in Sources */,
				1CB2E9A92A51532200A91302 /* AppDelegate.swift in Sources */,
				1CB2E9AB2A51532200A91302 /* SceneDelegate.swift in Sources */,
			);
			runOnlyForDeploymentPostprocessing = 0;
		};
		1CB2E9B72A51532500A91302 /* Sources */ = {
			isa = PBXSourcesBuildPhase;
			buildActionMask = 2147483647;
			files = (
				1CB2E9C02A51532500A91302 /* UIkit_Test___StoryboardsTests.swift in Sources */,
			);
			runOnlyForDeploymentPostprocessing = 0;
		};
		1CB2E9C12A51532500A91302 /* Sources */ = {
			isa = PBXSourcesBuildPhase;
			buildActionMask = 2147483647;
			files = (
				1CB2E9CC2A51532500A91302 /* UIkit_Test___StoryboardsUITestsLaunchTests.swift in Sources */,
				1CB2E9CA2A51532500A91302 /* UIkit_Test___StoryboardsUITests.swift in Sources */,
			);
			runOnlyForDeploymentPostprocessing = 0;
		};
/* End PBXSourcesBuildPhase section */

/* Begin PBXTargetDependency section */
		1CB2E9BD2A51532500A91302 /* PBXTargetDependency */ = {
			isa = PBXTargetDependency;
			target = 1CB2E9A42A51532200A91302 /* UIkit Test - Storyboards */;
			targetProxy = 1CB2E9BC2A51532500A91302 /* PBXContainerItemProxy */;
		};
		1CB2E9C72A51532500A91302 /* PBXTargetDependency */ = {
			isa = PBXTargetDependency;
			target = 1CB2E9A42A51532200A91302 /* UIkit Test - Storyboards */;
			targetProxy = 1CB2E9C62A51532500A91302 /* PBXContainerItemProxy */;
		};
/* End PBXTargetDependency section */

/* Begin PBXVariantGroup section */
		1CB2E9AE2A51532200A91302 /* Main.storyboard */ = {
			isa = PBXVariantGroup;
			children = (
				1CB2E9AF2A51532200A91302 /* Base */,
			);
			name = Main.storyboard;
			sourceTree = "<group>";
		};
		1CB2E9B32A51532400A91302 /* LaunchScreen.storyboard */ = {
			isa = PBXVariantGroup;
			children = (
				1CB2E9B42A51532400A91302 /* Base */,
			);
			name = LaunchScreen.storyboard;
			sourceTree = "<group>";
		};
/* End PBXVariantGroup section */

/* Begin XCBuildConfiguration section */
		1CB2E9CD2A51532500A91302 /* Debug */ = {
			isa = XCBuildConfiguration;
			buildSettings = {
				ALWAYS_SEARCH_USER_PATHS = NO;
				CLANG_ANALYZER_NONNULL = YES;
				CLANG_ANALYZER_NUMBER_OBJECT_CONVERSION = YES_AGGRESSIVE;
				CLANG_CXX_LANGUAGE_STANDARD = "gnu++20";
				CLANG_ENABLE_MODULES = YES;
				CLANG_ENABLE_OBJC_ARC = YES;
				CLANG_ENABLE_OBJC_WEAK = YES;
				CLANG_WARN_BLOCK_CAPTURE_AUTORELEASING = YES;
				CLANG_WARN_BOOL_CONVERSION = YES;
				CLANG_WARN_COMMA = YES;
				CLANG_WARN_CONSTANT_CONVERSION = YES;
				CLANG_WARN_DEPRECATED_OBJC_IMPLEMENTATIONS = YES;
				CLANG_WARN_DIRECT_OBJC_ISA_USAGE = YES_ERROR;
				CLANG_WARN_DOCUMENTATION_COMMENTS = YES;
				CLANG_WARN_EMPTY_BODY = YES;
				CLANG_WARN_ENUM_CONVERSION = YES;
				CLANG_WARN_INFINITE_RECURSION = YES;
				CLANG_WARN_INT_CONVERSION = YES;
				CLANG_WARN_NON_LITERAL_NULL_CONVERSION = YES;
				CLANG_WARN_OBJC_IMPLICIT_RETAIN_SELF = YES;
				CLANG_WARN_OBJC_LITERAL_CONVERSION = YES;
				CLANG_WARN_OBJC_ROOT_CLASS = YES_ERROR;
				CLANG_WARN_QUOTED_INCLUDE_IN_FRAMEWORK_HEADER = YES;
				CLANG_WARN_RANGE_LOOP_ANALYSIS = YES;
				CLANG_WARN_STRICT_PROTOTYPES = YES;
				CLANG_WARN_SUSPICIOUS_MOVE = YES;
				CLANG_WARN_UNGUARDED_AVAILABILITY = YES_AGGRESSIVE;
				CLANG_WARN_UNREACHABLE_CODE = YES;
				CLANG_WARN__DUPLICATE_METHOD_MATCH = YES;
				COPY_PHASE_STRIP = NO;
				DEBUG_INFORMATION_FORMAT = dwarf;
				ENABLE_STRICT_OBJC_MSGSEND = YES;
				ENABLE_TESTABILITY = YES;
				GCC_C_LANGUAGE_STANDARD = gnu11;
				GCC_DYNAMIC_NO_PIC = NO;
				GCC_NO_COMMON_BLOCKS = YES;
				GCC_OPTIMIZATION_LEVEL = 0;
				GCC_PREPROCESSOR_DEFINITIONS = (
					"DEBUG=1",
					"$(inherited)",
				);
				GCC_WARN_64_TO_32_BIT_CONVERSION = YES;
				GCC_WARN_ABOUT_RETURN_TYPE = YES_ERROR;
				GCC_WARN_UNDECLARED_SELECTOR = YES;
				GCC_WARN_UNINITIALIZED_AUTOS = YES_AGGRESSIVE;
				GCC_WARN_UNUSED_FUNCTION = YES;
				GCC_WARN_UNUSED_VARIABLE = YES;
				IPHONEOS_DEPLOYMENT_TARGET = 16.4;
				MTL_ENABLE_DEBUG_INFO = INCLUDE_SOURCE;
				MTL_FAST_MATH = YES;
				ONLY_ACTIVE_ARCH = YES;
				SDKROOT = iphoneos;
				SWIFT_ACTIVE_COMPILATION_CONDITIONS = DEBUG;
				SWIFT_OPTIMIZATION_LEVEL = "-Onone";
			};
			name = Debug;
		};
		1CB2E9CE2A51532500A91302 /* Release */ = {
			isa = XCBuildConfiguration;
			buildSettings = {
				ALWAYS_SEARCH_USER_PATHS = NO;
				CLANG_ANALYZER_NONNULL = YES;
				CLANG_ANALYZER_NUMBER_OBJECT_CONVERSION = YES_AGGRESSIVE;
				CLANG_CXX_LANGUAGE_STANDARD = "gnu++20";
				CLANG_ENABLE_MODULES = YES;
				CLANG_ENABLE_OBJC_ARC = YES;
				CLANG_ENABLE_OBJC_WEAK = YES;
				CLANG_WARN_BLOCK_CAPTURE_AUTORELEASING = YES;
				CLANG_WARN_BOOL_CONVERSION = YES;
				CLANG_WARN_COMMA = YES;
				CLANG_WARN_CONSTANT_CONVERSION = YES;
				CLANG_WARN_DEPRECATED_OBJC_IMPLEMENTATIONS = YES;
				CLANG_WARN_DIRECT_OBJC_ISA_USAGE = YES_ERROR;
				CLANG_WARN_DOCUMENTATION_COMMENTS = YES;
				CLANG_WARN_EMPTY_BODY = YES;
				CLANG_WARN_ENUM_CONVERSION = YES;
				CLANG_WARN_INFINITE_RECURSION = YES;
				CLANG_WARN_INT_CONVERSION = YES;
				CLANG_WARN_NON_LITERAL_NULL_CONVERSION = YES;
				CLANG_WARN_OBJC_IMPLICIT_RETAIN_SELF = YES;
				CLANG_WARN_OBJC_LITERAL_CONVERSION = YES;
				CLANG_WARN_OBJC_ROOT_CLASS = YES_ERROR;
				CLANG_WARN_QUOTED_INCLUDE_IN_FRAMEWORK_HEADER = YES;
				CLANG_WARN_RANGE_LOOP_ANALYSIS = YES;
				CLANG_WARN_STRICT_PROTOTYPES = YES;
				CLANG_WARN_SUSPICIOUS_MOVE = YES;
				CLANG_WARN_UNGUARDED_AVAILABILITY = YES_AGGRESSIVE;
				CLANG_WARN_UNREACHABLE_CODE = YES;
				CLANG_WARN__DUPLICATE_METHOD_MATCH = YES;
				COPY_PHASE_STRIP = NO;
				DEBUG_INFORMATION_FORMAT = "dwarf-with-dsym";
				ENABLE_NS_ASSERTIONS = NO;
				ENABLE_STRICT_OBJC_MSGSEND = YES;
				GCC_C_LANGUAGE_STANDARD = gnu11;
				GCC_NO_COMMON_BLOCKS = YES;
				GCC_WARN_64_TO_32_BIT_CONVERSION = YES;
				GCC_WARN_ABOUT_RETURN_TYPE = YES_ERROR;
				GCC_WARN_UNDECLARED_SELECTOR = YES;
				GCC_WARN_UNINITIALIZED_AUTOS = YES_AGGRESSIVE;
				GCC_WARN_UNUSED_FUNCTION = YES;
				GCC_WARN_UNUSED_VARIABLE = YES;
				IPHONEOS_DEPLOYMENT_TARGET = 16.4;
				MTL_ENABLE_DEBUG_INFO = NO;
				MTL_FAST_MATH = YES;
				SDKROOT = iphoneos;
				SWIFT_COMPILATION_MODE = wholemodule;
				SWIFT_OPTIMIZATION_LEVEL = "-O";
				VALIDATE_PRODUCT = YES;
			};
			name = Release;
		};
		1CB2E9D02A51532500A91302 /* Debug */ = {
			isa = XCBuildConfiguration;
			buildSettings = {
				ASSETCATALOG_COMPILER_APPICON_NAME = AppIcon;
				ASSETCATALOG_COMPILER_GLOBAL_ACCENT_COLOR_NAME = AccentColor;
				CODE_SIGN_STYLE = Automatic;
				CURRENT_PROJECT_VERSION = 1;
				DEVELOPMENT_TEAM = 7NNJ7RRVKT;
				GENERATE_INFOPLIST_FILE = YES;
				INFOPLIST_FILE = "UIkit Test - Storyboards/Info.plist";
				INFOPLIST_KEY_UIApplicationSupportsIndirectInputEvents = YES;
				INFOPLIST_KEY_UILaunchStoryboardName = LaunchScreen;
				INFOPLIST_KEY_UIMainStoryboardFile = Main;
				INFOPLIST_KEY_UISupportedInterfaceOrientations_iPad = "UIInterfaceOrientationPortrait UIInterfaceOrientationPortraitUpsideDown UIInterfaceOrientationLandscapeLeft UIInterfaceOrientationLandscapeRight";
				INFOPLIST_KEY_UISupportedInterfaceOrientations_iPhone = "UIInterfaceOrientationPortrait UIInterfaceOrientationLandscapeLeft UIInterfaceOrientationLandscapeRight";
				LD_RUNPATH_SEARCH_PATHS = (
					"$(inherited)",
					"@executable_path/Frameworks",
				);
				MARKETING_VERSION = 1.0;
				PRODUCT_BUNDLE_IDENTIFIER = "Tests.UIkit-Test---Storyboards";
				PRODUCT_NAME = "$(TARGET_NAME)";
				SWIFT_EMIT_LOC_STRINGS = YES;
				SWIFT_VERSION = 5.0;
				TARGETED_DEVICE_FAMILY = "1,2";
			};
			name = Debug;
		};
		1CB2E9D12A51532500A91302 /* Release */ = {
			isa = XCBuildConfiguration;
			buildSettings = {
				ASSETCATALOG_COMPILER_APPICON_NAME = AppIcon;
				ASSETCATALOG_COMPILER_GLOBAL_ACCENT_COLOR_NAME = AccentColor;
				CODE_SIGN_STYLE = Automatic;
				CURRENT_PROJECT_VERSION = 1;
				DEVELOPMENT_TEAM = 7NNJ7RRVKT;
				GENERATE_INFOPLIST_FILE = YES;
				INFOPLIST_FILE = "UIkit Test - Storyboards/Info.plist";
				INFOPLIST_KEY_UIApplicationSupportsIndirectInputEvents = YES;
				INFOPLIST_KEY_UILaunchStoryboardName = LaunchScreen;
				INFOPLIST_KEY_UIMainStoryboardFile = Main;
				INFOPLIST_KEY_UISupportedInterfaceOrientations_iPad = "UIInterfaceOrientationPortrait UIInterfaceOrientationPortraitUpsideDown UIInterfaceOrientationLandscapeLeft UIInterfaceOrientationLandscapeRight";
				INFOPLIST_KEY_UISupportedInterfaceOrientations_iPhone = "UIInterfaceOrientationPortrait UIInterfaceOrientationLandscapeLeft UIInterfaceOrientationLandscapeRight";
				LD_RUNPATH_SEARCH_PATHS = (
					"$(inherited)",
					"@executable_path/Frameworks",
				);
				MARKETING_VERSION = 1.0;
				PRODUCT_BUNDLE_IDENTIFIER = "Tests.UIkit-Test---Storyboards";
				PRODUCT_NAME = "$(TARGET_NAME)";
				SWIFT_EMIT_LOC_STRINGS = YES;
				SWIFT_VERSION = 5.0;
				TARGETED_DEVICE_FAMILY = "1,2";
			};
			name = Release;
		};
		1CB2E9D32A51532500A91302 /* Debug */ = {
			isa = XCBuildConfiguration;
			buildSettings = {
				ALWAYS_EMBED_SWIFT_STANDARD_LIBRARIES = YES;
				BUNDLE_LOADER = "$(TEST_HOST)";
				CODE_SIGN_STYLE = Automatic;
				CURRENT_PROJECT_VERSION = 1;
				DEVELOPMENT_TEAM = 7NNJ7RRVKT;
				GENERATE_INFOPLIST_FILE = YES;
				IPHONEOS_DEPLOYMENT_TARGET = 16.4;
				MARKETING_VERSION = 1.0;
				PRODUCT_BUNDLE_IDENTIFIER = "Tests.UIkit-Test---StoryboardsTests";
				PRODUCT_NAME = "$(TARGET_NAME)";
				SWIFT_EMIT_LOC_STRINGS = NO;
				SWIFT_VERSION = 5.0;
				TARGETED_DEVICE_FAMILY = "1,2";
				TEST_HOST = "$(BUILT_PRODUCTS_DIR)/UIkit Test - Storyboards.app/$(BUNDLE_EXECUTABLE_FOLDER_PATH)/UIkit Test - Storyboards";
			};
			name = Debug;
		};
		1CB2E9D42A51532500A91302 /* Release */ = {
			isa = XCBuildConfiguration;
			buildSettings = {
				ALWAYS_EMBED_SWIFT_STANDARD_LIBRARIES = YES;
				BUNDLE_LOADER = "$(TEST_HOST)";
				CODE_SIGN_STYLE = Automatic;
				CURRENT_PROJECT_VERSION = 1;
				DEVELOPMENT_TEAM = 7NNJ7RRVKT;
				GENERATE_INFOPLIST_FILE = YES;
				IPHONEOS_DEPLOYMENT_TARGET = 16.4;
				MARKETING_VERSION = 1.0;
				PRODUCT_BUNDLE_IDENTIFIER = "Tests.UIkit-Test---StoryboardsTests";
				PRODUCT_NAME = "$(TARGET_NAME)";
				SWIFT_EMIT_LOC_STRINGS = NO;
				SWIFT_VERSION = 5.0;
				TARGETED_DEVICE_FAMILY = "1,2";
				TEST_HOST = "$(BUILT_PRODUCTS_DIR)/UIkit Test - Storyboards.app/$(BUNDLE_EXECUTABLE_FOLDER_PATH)/UIkit Test - Storyboards";
			};
			name = Release;
		};
		1CB2E9D62A51532500A91302 /* Debug */ = {
			isa = XCBuildConfiguration;
			buildSettings = {
				ALWAYS_EMBED_SWIFT_STANDARD_LIBRARIES = YES;
				CODE_SIGN_STYLE = Automatic;
				CURRENT_PROJECT_VERSION = 1;
				DEVELOPMENT_TEAM = 7NNJ7RRVKT;
				GENERATE_INFOPLIST_FILE = YES;
				MARKETING_VERSION = 1.0;
				PRODUCT_BUNDLE_IDENTIFIER = "Tests.UIkit-Test---StoryboardsUITests";
				PRODUCT_NAME = "$(TARGET_NAME)";
				SWIFT_EMIT_LOC_STRINGS = NO;
				SWIFT_VERSION = 5.0;
				TARGETED_DEVICE_FAMILY = "1,2";
				TEST_TARGET_NAME = "UIkit Test - Storyboards";
			};
			name = Debug;
		};
		1CB2E9D72A51532500A91302 /* Release */ = {
			isa = XCBuildConfiguration;
			buildSettings = {
				ALWAYS_EMBED_SWIFT_STANDARD_LIBRARIES = YES;
				CODE_SIGN_STYLE = Automatic;
				CURRENT_PROJECT_VERSION = 1;
				DEVELOPMENT_TEAM = 7NNJ7RRVKT;
				GENERATE_INFOPLIST_FILE = YES;
				MARKETING_VERSION = 1.0;
				PRODUCT_BUNDLE_IDENTIFIER = "Tests.UIkit-Test---StoryboardsUITests";
				PRODUCT_NAME = "$(TARGET_NAME)";
				SWIFT_EMIT_LOC_STRINGS = NO;
				SWIFT_VERSION = 5.0;
				TARGETED_DEVICE_FAMILY = "1,2";
				TEST_TARGET_NAME = "UIkit Test - Storyboards";
			};
			name = Release;
		};
/* End XCBuildConfiguration section */

/* Begin XCConfigurationList section */
		1CB2E9A02A51532200A91302 /* Build configuration list for PBXProject "UIkit Test - Storyboards" */ = {
			isa = XCConfigurationList;
			buildConfigurations = (
				1CB2E9CD2A51532500A91302 /* Debug */,
				1CB2E9CE2A51532500A91302 /* Release */,
			);
			defaultConfigurationIsVisible = 0;
			defaultConfigurationName = Release;
		};
		1CB2E9CF2A51532500A91302 /* Build configuration list for PBXNativeTarget "UIkit Test - Storyboards" */ = {
			isa = XCConfigurationList;
			buildConfigurations = (
				1CB2E9D02A51532500A91302 /* Debug */,
				1CB2E9D12A51532500A91302 /* Release */,
			);
			defaultConfigurationIsVisible = 0;
			defaultConfigurationName = Release;
		};
		1CB2E9D22A51532500A91302 /* Build configuration list for PBXNativeTarget "UIkit Test - StoryboardsTests" */ = {
			isa = XCConfigurationList;
			buildConfigurations = (
				1CB2E9D32A51532500A91302 /* Debug */,
				1CB2E9D42A51532500A91302 /* Release */,
			);
			defaultConfigurationIsVisible = 0;
			defaultConfigurationName = Release;
		};
		1CB2E9D52A51532500A91302 /* Build configuration list for PBXNativeTarget "UIkit Test - StoryboardsUITests" */ = {
			isa = XCConfigurationList;
			buildConfigurations = (
				1CB2E9D62A51532500A91302 /* Debug */,
				1CB2E9D72A51532500A91302 /* Release */,
			);
			defaultConfigurationIsVisible = 0;
			defaultConfigurationName = Release;
		};
/* End XCConfigurationList section */
	};
	rootObject = 1CB2E99D2A51532200A91302 /* Project object */;
}
